
Microsoft Visual Studio Solution File, Format Version 12.00
Project("{FAE04EC0-301F-11D3-BF4B-00C04F79EFBC}") = "Playground", "Playground\Playground.csproj", "{47BC31EF-961F-4244-877C-350D9B2C5E44}"
EndProject
Project("{FAE04EC0-301F-11D3-BF4B-00C04F79EFBC}") = "URocket", "URocket\URocket.csproj", "{4CC89CE5-47F6-44B4-8B56-E1145854F9F4}"
EndProject
Project("{FAE04EC0-301F-11D3-BF4B-00C04F79EFBC}") = "Examples", "Examples\Examples.csproj", "{CD553753-D396-4AB9-A24B-7DBD0C6E2408}"
EndProject
Project("{2150E333-8FDC-42A3-9474-1A3956D46DE8}") = "Benchmarkings", "Benchmarkings", "{C01321B0-2480-4F0A-BF79-20A543A4DA2C}"
EndProject
Project("{FAE04EC0-301F-11D3-BF4B-00C04F79EFBC}") = "ColdBoot", "Benchmarkings\ColdBoot\ColdBoot.csproj", "{E89BB48C-AA01-4FF6-8F3F-4E25FC9BAF92}"
EndProject
Project("{FAE04EC0-301F-11D3-BF4B-00C04F79EFBC}") = "SocketColdBoot", "Benchmarkings\SocketColdBoot\SocketColdBoot.csproj", "{C3CB4837-4C2B-4274-A336-B11BEB5306C4}"
EndProject
Project("{FAE04EC0-301F-11D3-BF4B-00C04F79EFBC}") = "AspNetColdBootAot", "Benchmarkings\AspNetColdBootAot\AspNetColdBootAot.csproj", "{9D9B0F97-F0FF-4D51-8509-F3E8A2ECFF69}"
EndProject
Project("{2150E333-8FDC-42A3-9474-1A3956D46DE8}") = "TechEmpower", "TechEmpower", "{21CD88A2-4B4A-48B6-9CBB-59FC9EE7B682}"
EndProject
Project("{FAE04EC0-301F-11D3-BF4B-00C04F79EFBC}") = "BenchmarkApp", "TechEmpower\BenchmarkApp\BenchmarkApp.csproj", "{FC2302BE-3C35-421F-AFEE-233AC87305C2}"
EndProject
Global
	GlobalSection(SolutionConfigurationPlatforms) = preSolution
		Debug|Any CPU = Debug|Any CPU
		Release|Any CPU = Release|Any CPU
	EndGlobalSection
	GlobalSection(ProjectConfigurationPlatforms) = postSolution
		{47BC31EF-961F-4244-877C-350D9B2C5E44}.Debug|Any CPU.ActiveCfg = Debug|Any CPU
		{47BC31EF-961F-4244-877C-350D9B2C5E44}.Debug|Any CPU.Build.0 = Debug|Any CPU
		{47BC31EF-961F-4244-877C-350D9B2C5E44}.Release|Any CPU.ActiveCfg = Release|Any CPU
		{47BC31EF-961F-4244-877C-350D9B2C5E44}.Release|Any CPU.Build.0 = Release|Any CPU
		{4CC89CE5-47F6-44B4-8B56-E1145854F9F4}.Debug|Any CPU.ActiveCfg = Debug|Any CPU
		{4CC89CE5-47F6-44B4-8B56-E1145854F9F4}.Debug|Any CPU.Build.0 = Debug|Any CPU
		{4CC89CE5-47F6-44B4-8B56-E1145854F9F4}.Release|Any CPU.ActiveCfg = Release|Any CPU
		{4CC89CE5-47F6-44B4-8B56-E1145854F9F4}.Release|Any CPU.Build.0 = Release|Any CPU
		{CD553753-D396-4AB9-A24B-7DBD0C6E2408}.Debug|Any CPU.ActiveCfg = Debug|Any CPU
		{CD553753-D396-4AB9-A24B-7DBD0C6E2408}.Debug|Any CPU.Build.0 = Debug|Any CPU
		{CD553753-D396-4AB9-A24B-7DBD0C6E2408}.Release|Any CPU.ActiveCfg = Release|Any CPU
		{CD553753-D396-4AB9-A24B-7DBD0C6E2408}.Release|Any CPU.Build.0 = Release|Any CPU
		{E89BB48C-AA01-4FF6-8F3F-4E25FC9BAF92}.Debug|Any CPU.ActiveCfg = Debug|Any CPU
		{E89BB48C-AA01-4FF6-8F3F-4E25FC9BAF92}.Debug|Any CPU.Build.0 = Debug|Any CPU
		{E89BB48C-AA01-4FF6-8F3F-4E25FC9BAF92}.Release|Any CPU.ActiveCfg = Release|Any CPU
		{E89BB48C-AA01-4FF6-8F3F-4E25FC9BAF92}.Release|Any CPU.Build.0 = Release|Any CPU
		{C3CB4837-4C2B-4274-A336-B11BEB5306C4}.Debug|Any CPU.ActiveCfg = Debug|Any CPU
		{C3CB4837-4C2B-4274-A336-B11BEB5306C4}.Debug|Any CPU.Build.0 = Debug|Any CPU
		{C3CB4837-4C2B-4274-A336-B11BEB5306C4}.Release|Any CPU.ActiveCfg = Release|Any CPU
		{C3CB4837-4C2B-4274-A336-B11BEB5306C4}.Release|Any CPU.Build.0 = Release|Any CPU
		{9D9B0F97-F0FF-4D51-8509-F3E8A2ECFF69}.Debug|Any CPU.ActiveCfg = Debug|Any CPU
		{9D9B0F97-F0FF-4D51-8509-F3E8A2ECFF69}.Debug|Any CPU.Build.0 = Debug|Any CPU
		{9D9B0F97-F0FF-4D51-8509-F3E8A2ECFF69}.Release|Any CPU.ActiveCfg = Release|Any CPU
		{9D9B0F97-F0FF-4D51-8509-F3E8A2ECFF69}.Release|Any CPU.Build.0 = Release|Any CPU
		{FC2302BE-3C35-421F-AFEE-233AC87305C2}.Debug|Any CPU.ActiveCfg = Debug|Any CPU
		{FC2302BE-3C35-421F-AFEE-233AC87305C2}.Debug|Any CPU.Build.0 = Debug|Any CPU
		{FC2302BE-3C35-421F-AFEE-233AC87305C2}.Release|Any CPU.ActiveCfg = Release|Any CPU
		{FC2302BE-3C35-421F-AFEE-233AC87305C2}.Release|Any CPU.Build.0 = Release|Any CPU
	EndGlobalSection
	GlobalSection(NestedProjects) = preSolution
		{E89BB48C-AA01-4FF6-8F3F-4E25FC9BAF92} = {C01321B0-2480-4F0A-BF79-20A543A4DA2C}
		{C3CB4837-4C2B-4274-A336-B11BEB5306C4} = {C01321B0-2480-4F0A-BF79-20A543A4DA2C}
		{9D9B0F97-F0FF-4D51-8509-F3E8A2ECFF69} = {C01321B0-2480-4F0A-BF79-20A543A4DA2C}
		{FC2302BE-3C35-421F-AFEE-233AC87305C2} = {21CD88A2-4B4A-48B6-9CBB-59FC9EE7B682}
	EndGlobalSection
EndGlobal
