
Microsoft Visual Studio Solution File, Format Version 12.00
Project("{FAE04EC0-301F-11D3-BF4B-00C04F79EFBC}") = "Playground", "Playground\Playground.csproj", "{47BC31EF-961F-4244-877C-350D9B2C5E44}"
EndProject
Project("{FAE04EC0-301F-11D3-BF4B-00C04F79EFBC}") = "zerg", "zerg\zerg.csproj", "{4CC89CE5-47F6-44B4-8B56-E1145854F9F4}"
EndProject
Project("{FAE04EC0-301F-11D3-BF4B-00C04F79EFBC}") = "Examples", "Examples\Examples.csproj", "{CD553753-D396-4AB9-A24B-7DBD0C6E2408}"
EndProject
Project("{2150E333-8FDC-42A3-9474-1A3956D46DE8}") = "TechEmpower", "TechEmpower", "{21CD88A2-4B4A-48B6-9CBB-59FC9EE7B682}"
EndProject
Project("{FAE04EC0-301F-11D3-BF4B-00C04F79EFBC}") = "BenchmarkApp", "TechEmpower\BenchmarkApp\BenchmarkApp.csproj", "{FC2302BE-3C35-421F-AFEE-233AC87305C2}"
EndProject
Project("{FAE04EC0-301F-11D3-BF4B-00C04F79EFBC}") = "Tests", "Tests\Tests.csproj", "{80CF5BC8-6CB3-42FC-A6FB-F7EDD1B4BA70}"
EndProject
Global
	GlobalSection(SolutionConfigurationPlatforms) = preSolution
		Debug|Any CPU = Debug|Any CPU
		Debug|x64 = Debug|x64
		Debug|x86 = Debug|x86
		Release|Any CPU = Release|Any CPU
		Release|x64 = Release|x64
		Release|x86 = Release|x86
	EndGlobalSection
	GlobalSection(ProjectConfigurationPlatforms) = postSolution
		{47BC31EF-961F-4244-877C-350D9B2C5E44}.Debug|Any CPU.ActiveCfg = Debug|Any CPU
		{47BC31EF-961F-4244-877C-350D9B2C5E44}.Debug|Any CPU.Build.0 = Debug|Any CPU
		{47BC31EF-961F-4244-877C-350D9B2C5E44}.Debug|x64.ActiveCfg = Debug|Any CPU
		{47BC31EF-961F-4244-877C-350D9B2C5E44}.Debug|x64.Build.0 = Debug|Any CPU
		{47BC31EF-961F-4244-877C-350D9B2C5E44}.Debug|x86.ActiveCfg = Debug|Any CPU
		{47BC31EF-961F-4244-877C-350D9B2C5E44}.Debug|x86.Build.0 = Debug|Any CPU
		{47BC31EF-961F-4244-877C-350D9B2C5E44}.Release|Any CPU.ActiveCfg = Release|Any CPU
		{47BC31EF-961F-4244-877C-350D9B2C5E44}.Release|Any CPU.Build.0 = Release|Any CPU
		{47BC31EF-961F-4244-877C-350D9B2C5E44}.Release|x64.ActiveCfg = Release|Any CPU
		{47BC31EF-961F-4244-877C-350D9B2C5E44}.Release|x64.Build.0 = Release|Any CPU
		{47BC31EF-961F-4244-877C-350D9B2C5E44}.Release|x86.ActiveCfg = Release|Any CPU
		{47BC31EF-961F-4244-877C-350D9B2C5E44}.Release|x86.Build.0 = Release|Any CPU
		{4CC89CE5-47F6-44B4-8B56-E1145854F9F4}.Debug|Any CPU.ActiveCfg = Debug|Any CPU
		{4CC89CE5-47F6-44B4-8B56-E1145854F9F4}.Debug|Any CPU.Build.0 = Debug|Any CPU
		{4CC89CE5-47F6-44B4-8B56-E1145854F9F4}.Debug|x64.ActiveCfg = Debug|Any CPU
		{4CC89CE5-47F6-44B4-8B56-E1145854F9F4}.Debug|x64.Build.0 = Debug|Any CPU
		{4CC89CE5-47F6-44B4-8B56-E1145854F9F4}.Debug|x86.ActiveCfg = Debug|Any CPU
		{4CC89CE5-47F6-44B4-8B56-E1145854F9F4}.Debug|x86.Build.0 = Debug|Any CPU
		{4CC89CE5-47F6-44B4-8B56-E1145854F9F4}.Release|Any CPU.ActiveCfg = Release|Any CPU
		{4CC89CE5-47F6-44B4-8B56-E1145854F9F4}.Release|Any CPU.Build.0 = Release|Any CPU
		{4CC89CE5-47F6-44B4-8B56-E1145854F9F4}.Release|x64.ActiveCfg = Release|Any CPU
		{4CC89CE5-47F6-44B4-8B56-E1145854F9F4}.Release|x64.Build.0 = Release|Any CPU
		{4CC89CE5-47F6-44B4-8B56-E1145854F9F4}.Release|x86.ActiveCfg = Release|Any CPU
		{4CC89CE5-47F6-44B4-8B56-E1145854F9F4}.Release|x86.Build.0 = Release|Any CPU
		{CD553753-D396-4AB9-A24B-7DBD0C6E2408}.Debug|Any CPU.ActiveCfg = Debug|Any CPU
		{CD553753-D396-4AB9-A24B-7DBD0C6E2408}.Debug|Any CPU.Build.0 = Debug|Any CPU
		{CD553753-D396-4AB9-A24B-7DBD0C6E2408}.Debug|x64.ActiveCfg = Debug|Any CPU
		{CD553753-D396-4AB9-A24B-7DBD0C6E2408}.Debug|x64.Build.0 = Debug|Any CPU
		{CD553753-D396-4AB9-A24B-7DBD0C6E2408}.Debug|x86.ActiveCfg = Debug|Any CPU
		{CD553753-D396-4AB9-A24B-7DBD0C6E2408}.Debug|x86.Build.0 = Debug|Any CPU
		{CD553753-D396-4AB9-A24B-7DBD0C6E2408}.Release|Any CPU.ActiveCfg = Release|Any CPU
		{CD553753-D396-4AB9-A24B-7DBD0C6E2408}.Release|Any CPU.Build.0 = Release|Any CPU
		{CD553753-D396-4AB9-A24B-7DBD0C6E2408}.Release|x64.ActiveCfg = Release|Any CPU
		{CD553753-D396-4AB9-A24B-7DBD0C6E2408}.Release|x64.Build.0 = Release|Any CPU
		{CD553753-D396-4AB9-A24B-7DBD0C6E2408}.Release|x86.ActiveCfg = Release|Any CPU
		{CD553753-D396-4AB9-A24B-7DBD0C6E2408}.Release|x86.Build.0 = Release|Any CPU
		{FC2302BE-3C35-421F-AFEE-233AC87305C2}.Debug|Any CPU.ActiveCfg = Debug|Any CPU
		{FC2302BE-3C35-421F-AFEE-233AC87305C2}.Debug|Any CPU.Build.0 = Debug|Any CPU
		{FC2302BE-3C35-421F-AFEE-233AC87305C2}.Debug|x64.ActiveCfg = Debug|Any CPU
		{FC2302BE-3C35-421F-AFEE-233AC87305C2}.Debug|x64.Build.0 = Debug|Any CPU
		{FC2302BE-3C35-421F-AFEE-233AC87305C2}.Debug|x86.ActiveCfg = Debug|Any CPU
		{FC2302BE-3C35-421F-AFEE-233AC87305C2}.Debug|x86.Build.0 = Debug|Any CPU
		{FC2302BE-3C35-421F-AFEE-233AC87305C2}.Release|Any CPU.ActiveCfg = Release|Any CPU
		{FC2302BE-3C35-421F-AFEE-233AC87305C2}.Release|Any CPU.Build.0 = Release|Any CPU
		{FC2302BE-3C35-421F-AFEE-233AC87305C2}.Release|x64.ActiveCfg = Release|Any CPU
		{FC2302BE-3C35-421F-AFEE-233AC87305C2}.Release|x64.Build.0 = Release|Any CPU
		{FC2302BE-3C35-421F-AFEE-233AC87305C2}.Release|x86.ActiveCfg = Release|Any CPU
		{FC2302BE-3C35-421F-AFEE-233AC87305C2}.Release|x86.Build.0 = Release|Any CPU
		{80CF5BC8-6CB3-42FC-A6FB-F7EDD1B4BA70}.Debug|Any CPU.ActiveCfg = Debug|Any CPU
		{80CF5BC8-6CB3-42FC-A6FB-F7EDD1B4BA70}.Debug|Any CPU.Build.0 = Debug|Any CPU
		{80CF5BC8-6CB3-42FC-A6FB-F7EDD1B4BA70}.Debug|x64.ActiveCfg = Debug|Any CPU
		{80CF5BC8-6CB3-42FC-A6FB-F7EDD1B4BA70}.Debug|x64.Build.0 = Debug|Any CPU
		{80CF5BC8-6CB3-42FC-A6FB-F7EDD1B4BA70}.Debug|x86.ActiveCfg = Debug|Any CPU
		{80CF5BC8-6CB3-42FC-A6FB-F7EDD1B4BA70}.Debug|x86.Build.0 = Debug|Any CPU
		{80CF5BC8-6CB3-42FC-A6FB-F7EDD1B4BA70}.Release|Any CPU.ActiveCfg = Release|Any CPU
		{80CF5BC8-6CB3-42FC-A6FB-F7EDD1B4BA70}.Release|Any CPU.Build.0 = Release|Any CPU
		{80CF5BC8-6CB3-42FC-A6FB-F7EDD1B4BA70}.Release|x64.ActiveCfg = Release|Any CPU
		{80CF5BC8-6CB3-42FC-A6FB-F7EDD1B4BA70}.Release|x64.Build.0 = Release|Any CPU
		{80CF5BC8-6CB3-42FC-A6FB-F7EDD1B4BA70}.Release|x86.ActiveCfg = Release|Any CPU
		{80CF5BC8-6CB3-42FC-A6FB-F7EDD1B4BA70}.Release|x86.Build.0 = Release|Any CPU
	EndGlobalSection
	GlobalSection(SolutionProperties) = preSolution
		HideSolutionNode = FALSE
	EndGlobalSection
	GlobalSection(NestedProjects) = preSolution
		{FC2302BE-3C35-421F-AFEE-233AC87305C2} = {21CD88A2-4B4A-48B6-9CBB-59FC9EE7B682}
	EndGlobalSection
EndGlobal
